
Microsoft Visual Studio Solution File, Format Version 11.00
# Visual Studio 2010
Project("{FAE04EC0-301F-11D3-BF4B-00C04F79EFBC}") = "BlackberryPlatformServices", "src\BlackberryPlatformServices\BlackberryPlatformServices.csproj", "{D99DAA9D-7A37-4F5B-BE85-84DDCD66AF89}"
EndProject
Project("{FAE04EC0-301F-11D3-BF4B-00C04F79EFBC}") = "BlackberryPlatformServicesTests", "src\BlackberryPlatformServicesTests\BlackberryPlatformServicesTests.csproj", "{6417C90F-9CDE-4C3D-973B-F490D490155E}"
EndProject
Project("{FAE04EC0-301F-11D3-BF4B-00C04F79EFBC}") = "HelloWorldExample", "src\HelloWorldExample\HelloWorldExample.csproj", "{0311E5EF-292A-48D9-83E6-323FA223B351}"
EndProject
Project("{FAE04EC0-301F-11D3-BF4B-00C04F79EFBC}") = "OpenTK", "src\OpenTK\OpenTK.csproj", "{A37A7E14-0000-0000-0000-000000000000}"
EndProject
Project("{FAE04EC0-301F-11D3-BF4B-00C04F79EFBC}") = "OpenTKBlackberry", "src\OpenTKBlackberry\OpenTKBlackberry.csproj", "{EF48C797-3696-4C7A-9F7A-AA9805D04498}"
EndProject
Global
	GlobalSection(SolutionConfigurationPlatforms) = preSolution
		Debug|Any CPU = Debug|Any CPU
		Debug|Mixed Platforms = Debug|Mixed Platforms
		Debug|x86 = Debug|x86
		Documentation|Any CPU = Documentation|Any CPU
		Documentation|Mixed Platforms = Documentation|Mixed Platforms
		Documentation|x86 = Documentation|x86
		Nsis|Any CPU = Nsis|Any CPU
		Nsis|Mixed Platforms = Nsis|Mixed Platforms
		Nsis|x86 = Nsis|x86
		Release|Any CPU = Release|Any CPU
		Release|Mixed Platforms = Release|Mixed Platforms
		Release|x86 = Release|x86
	EndGlobalSection
	GlobalSection(ProjectConfigurationPlatforms) = postSolution
		{D99DAA9D-7A37-4F5B-BE85-84DDCD66AF89}.Debug|Any CPU.ActiveCfg = Debug|Any CPU
		{D99DAA9D-7A37-4F5B-BE85-84DDCD66AF89}.Debug|Any CPU.Build.0 = Debug|Any CPU
		{D99DAA9D-7A37-4F5B-BE85-84DDCD66AF89}.Debug|Mixed Platforms.ActiveCfg = Debug|Any CPU
		{D99DAA9D-7A37-4F5B-BE85-84DDCD66AF89}.Debug|Mixed Platforms.Build.0 = Debug|Any CPU
		{D99DAA9D-7A37-4F5B-BE85-84DDCD66AF89}.Debug|x86.ActiveCfg = Debug|Any CPU
		{D99DAA9D-7A37-4F5B-BE85-84DDCD66AF89}.Documentation|Any CPU.ActiveCfg = Debug|Any CPU
		{D99DAA9D-7A37-4F5B-BE85-84DDCD66AF89}.Documentation|Any CPU.Build.0 = Debug|Any CPU
		{D99DAA9D-7A37-4F5B-BE85-84DDCD66AF89}.Documentation|Mixed Platforms.ActiveCfg = Debug|Any CPU
		{D99DAA9D-7A37-4F5B-BE85-84DDCD66AF89}.Documentation|Mixed Platforms.Build.0 = Debug|Any CPU
		{D99DAA9D-7A37-4F5B-BE85-84DDCD66AF89}.Documentation|x86.ActiveCfg = Debug|Any CPU
		{D99DAA9D-7A37-4F5B-BE85-84DDCD66AF89}.Nsis|Any CPU.ActiveCfg = Release|Any CPU
		{D99DAA9D-7A37-4F5B-BE85-84DDCD66AF89}.Nsis|Any CPU.Build.0 = Release|Any CPU
		{D99DAA9D-7A37-4F5B-BE85-84DDCD66AF89}.Nsis|Mixed Platforms.ActiveCfg = Release|Any CPU
		{D99DAA9D-7A37-4F5B-BE85-84DDCD66AF89}.Nsis|Mixed Platforms.Build.0 = Release|Any CPU
		{D99DAA9D-7A37-4F5B-BE85-84DDCD66AF89}.Nsis|x86.ActiveCfg = Release|Any CPU
		{D99DAA9D-7A37-4F5B-BE85-84DDCD66AF89}.Release|Any CPU.ActiveCfg = Release|Any CPU
		{D99DAA9D-7A37-4F5B-BE85-84DDCD66AF89}.Release|Any CPU.Build.0 = Release|Any CPU
		{D99DAA9D-7A37-4F5B-BE85-84DDCD66AF89}.Release|Mixed Platforms.ActiveCfg = Release|Any CPU
		{D99DAA9D-7A37-4F5B-BE85-84DDCD66AF89}.Release|Mixed Platforms.Build.0 = Release|Any CPU
		{D99DAA9D-7A37-4F5B-BE85-84DDCD66AF89}.Release|x86.ActiveCfg = Release|Any CPU
		{6417C90F-9CDE-4C3D-973B-F490D490155E}.Debug|Any CPU.ActiveCfg = Debug|Any CPU
		{6417C90F-9CDE-4C3D-973B-F490D490155E}.Debug|Any CPU.Build.0 = Debug|Any CPU
		{6417C90F-9CDE-4C3D-973B-F490D490155E}.Debug|Mixed Platforms.ActiveCfg = Debug|Any CPU
		{6417C90F-9CDE-4C3D-973B-F490D490155E}.Debug|Mixed Platforms.Build.0 = Debug|Any CPU
		{6417C90F-9CDE-4C3D-973B-F490D490155E}.Debug|x86.ActiveCfg = Debug|Any CPU
		{6417C90F-9CDE-4C3D-973B-F490D490155E}.Documentation|Any CPU.ActiveCfg = Debug|Any CPU
		{6417C90F-9CDE-4C3D-973B-F490D490155E}.Documentation|Any CPU.Build.0 = Debug|Any CPU
		{6417C90F-9CDE-4C3D-973B-F490D490155E}.Documentation|Mixed Platforms.ActiveCfg = Debug|Any CPU
		{6417C90F-9CDE-4C3D-973B-F490D490155E}.Documentation|Mixed Platforms.Build.0 = Debug|Any CPU
		{6417C90F-9CDE-4C3D-973B-F490D490155E}.Documentation|x86.ActiveCfg = Debug|Any CPU
		{6417C90F-9CDE-4C3D-973B-F490D490155E}.Nsis|Any CPU.ActiveCfg = Release|Any CPU
		{6417C90F-9CDE-4C3D-973B-F490D490155E}.Nsis|Any CPU.Build.0 = Release|Any CPU
		{6417C90F-9CDE-4C3D-973B-F490D490155E}.Nsis|Mixed Platforms.ActiveCfg = Release|Any CPU
		{6417C90F-9CDE-4C3D-973B-F490D490155E}.Nsis|Mixed Platforms.Build.0 = Release|Any CPU
		{6417C90F-9CDE-4C3D-973B-F490D490155E}.Nsis|x86.ActiveCfg = Release|Any CPU
		{6417C90F-9CDE-4C3D-973B-F490D490155E}.Release|Any CPU.ActiveCfg = Release|Any CPU
		{6417C90F-9CDE-4C3D-973B-F490D490155E}.Release|Any CPU.Build.0 = Release|Any CPU
		{6417C90F-9CDE-4C3D-973B-F490D490155E}.Release|Mixed Platforms.ActiveCfg = Release|Any CPU
		{6417C90F-9CDE-4C3D-973B-F490D490155E}.Release|Mixed Platforms.Build.0 = Release|Any CPU
		{6417C90F-9CDE-4C3D-973B-F490D490155E}.Release|x86.ActiveCfg = Release|Any CPU
		{0311E5EF-292A-48D9-83E6-323FA223B351}.Debug|Any CPU.ActiveCfg = Debug|x86
		{0311E5EF-292A-48D9-83E6-323FA223B351}.Debug|Mixed Platforms.ActiveCfg = Debug|x86
		{0311E5EF-292A-48D9-83E6-323FA223B351}.Debug|Mixed Platforms.Build.0 = Debug|x86
		{0311E5EF-292A-48D9-83E6-323FA223B351}.Debug|x86.ActiveCfg = Debug|x86
		{0311E5EF-292A-48D9-83E6-323FA223B351}.Debug|x86.Build.0 = Debug|x86
		{0311E5EF-292A-48D9-83E6-323FA223B351}.Documentation|Any CPU.ActiveCfg = Debug|x86
		{0311E5EF-292A-48D9-83E6-323FA223B351}.Documentation|Mixed Platforms.ActiveCfg = Debug|x86
		{0311E5EF-292A-48D9-83E6-323FA223B351}.Documentation|Mixed Platforms.Build.0 = Debug|x86
		{0311E5EF-292A-48D9-83E6-323FA223B351}.Documentation|x86.ActiveCfg = Debug|x86
		{0311E5EF-292A-48D9-83E6-323FA223B351}.Documentation|x86.Build.0 = Debug|x86
		{0311E5EF-292A-48D9-83E6-323FA223B351}.Nsis|Any CPU.ActiveCfg = Release|x86
		{0311E5EF-292A-48D9-83E6-323FA223B351}.Nsis|Mixed Platforms.ActiveCfg = Release|x86
		{0311E5EF-292A-48D9-83E6-323FA223B351}.Nsis|Mixed Platforms.Build.0 = Release|x86
		{0311E5EF-292A-48D9-83E6-323FA223B351}.Nsis|x86.ActiveCfg = Release|x86
		{0311E5EF-292A-48D9-83E6-323FA223B351}.Nsis|x86.Build.0 = Release|x86
		{0311E5EF-292A-48D9-83E6-323FA223B351}.Release|Any CPU.ActiveCfg = Release|x86
		{0311E5EF-292A-48D9-83E6-323FA223B351}.Release|Mixed Platforms.ActiveCfg = Release|x86
		{0311E5EF-292A-48D9-83E6-323FA223B351}.Release|Mixed Platforms.Build.0 = Release|x86
		{0311E5EF-292A-48D9-83E6-323FA223B351}.Release|x86.ActiveCfg = Release|x86
		{0311E5EF-292A-48D9-83E6-323FA223B351}.Release|x86.Build.0 = Release|x86
		{A37A7E14-0000-0000-0000-000000000000}.Debug|Any CPU.ActiveCfg = Debug|Any CPU
		{A37A7E14-0000-0000-0000-000000000000}.Debug|Any CPU.Build.0 = Debug|Any CPU
		{A37A7E14-0000-0000-0000-000000000000}.Debug|Mixed Platforms.ActiveCfg = Debug|Any CPU
		{A37A7E14-0000-0000-0000-000000000000}.Debug|Mixed Platforms.Build.0 = Debug|Any CPU
		{A37A7E14-0000-0000-0000-000000000000}.Debug|x86.ActiveCfg = Debug|Any CPU
		{A37A7E14-0000-0000-0000-000000000000}.Documentation|Any CPU.ActiveCfg = Documentation|Any CPU
		{A37A7E14-0000-0000-0000-000000000000}.Documentation|Any CPU.Build.0 = Documentation|Any CPU
		{A37A7E14-0000-0000-0000-000000000000}.Documentation|Mixed Platforms.ActiveCfg = Documentation|Any CPU
		{A37A7E14-0000-0000-0000-000000000000}.Documentation|Mixed Platforms.Build.0 = Documentation|Any CPU
		{A37A7E14-0000-0000-0000-000000000000}.Documentation|x86.ActiveCfg = Documentation|Any CPU
		{A37A7E14-0000-0000-0000-000000000000}.Nsis|Any CPU.ActiveCfg = Nsis|Any CPU
		{A37A7E14-0000-0000-0000-000000000000}.Nsis|Any CPU.Build.0 = Nsis|Any CPU
		{A37A7E14-0000-0000-0000-000000000000}.Nsis|Mixed Platforms.ActiveCfg = Nsis|Any CPU
		{A37A7E14-0000-0000-0000-000000000000}.Nsis|Mixed Platforms.Build.0 = Nsis|Any CPU
		{A37A7E14-0000-0000-0000-000000000000}.Nsis|x86.ActiveCfg = Nsis|Any CPU
		{A37A7E14-0000-0000-0000-000000000000}.Release|Any CPU.ActiveCfg = Release|Any CPU
		{A37A7E14-0000-0000-0000-000000000000}.Release|Any CPU.Build.0 = Release|Any CPU
		{A37A7E14-0000-0000-0000-000000000000}.Release|Mixed Platforms.ActiveCfg = Release|Any CPU
		{A37A7E14-0000-0000-0000-000000000000}.Release|Mixed Platforms.Build.0 = Release|Any CPU
		{A37A7E14-0000-0000-0000-000000000000}.Release|x86.ActiveCfg = Release|Any CPU
		{EF48C797-3696-4C7A-9F7A-AA9805D04498}.Debug|Any CPU.ActiveCfg = Debug|Any CPU
		{EF48C797-3696-4C7A-9F7A-AA9805D04498}.Debug|Any CPU.Build.0 = Debug|Any CPU
		{EF48C797-3696-4C7A-9F7A-AA9805D04498}.Debug|Mixed Platforms.ActiveCfg = Debug|Any CPU
		{EF48C797-3696-4C7A-9F7A-AA9805D04498}.Debug|Mixed Platforms.Build.0 = Debug|Any CPU
		{EF48C797-3696-4C7A-9F7A-AA9805D04498}.Debug|x86.ActiveCfg = Debug|Any CPU
		{EF48C797-3696-4C7A-9F7A-AA9805D04498}.Documentation|Any CPU.ActiveCfg = Debug|Any CPU
		{EF48C797-3696-4C7A-9F7A-AA9805D04498}.Documentation|Any CPU.Build.0 = Debug|Any CPU
		{EF48C797-3696-4C7A-9F7A-AA9805D04498}.Documentation|Mixed Platforms.ActiveCfg = Debug|Any CPU
		{EF48C797-3696-4C7A-9F7A-AA9805D04498}.Documentation|Mixed Platforms.Build.0 = Debug|Any CPU
		{EF48C797-3696-4C7A-9F7A-AA9805D04498}.Documentation|x86.ActiveCfg = Debug|Any CPU
		{EF48C797-3696-4C7A-9F7A-AA9805D04498}.Nsis|Any CPU.ActiveCfg = Release|Any CPU
		{EF48C797-3696-4C7A-9F7A-AA9805D04498}.Nsis|Any CPU.Build.0 = Release|Any CPU
		{EF48C797-3696-4C7A-9F7A-AA9805D04498}.Nsis|Mixed Platforms.ActiveCfg = Release|Any CPU
		{EF48C797-3696-4C7A-9F7A-AA9805D04498}.Nsis|Mixed Platforms.Build.0 = Release|Any CPU
		{EF48C797-3696-4C7A-9F7A-AA9805D04498}.Nsis|x86.ActiveCfg = Release|Any CPU
		{EF48C797-3696-4C7A-9F7A-AA9805D04498}.Release|Any CPU.ActiveCfg = Release|Any CPU
		{EF48C797-3696-4C7A-9F7A-AA9805D04498}.Release|Any CPU.Build.0 = Release|Any CPU
		{EF48C797-3696-4C7A-9F7A-AA9805D04498}.Release|Mixed Platforms.ActiveCfg = Release|Any CPU
		{EF48C797-3696-4C7A-9F7A-AA9805D04498}.Release|Mixed Platforms.Build.0 = Release|Any CPU
		{EF48C797-3696-4C7A-9F7A-AA9805D04498}.Release|x86.ActiveCfg = Release|Any CPU
	EndGlobalSection
	GlobalSection(SolutionProperties) = preSolution
		HideSolutionNode = FALSE
	EndGlobalSection
EndGlobal
